
Microsoft Visual Studio Solution File, Format Version 12.00
# Visual Studio Version 17
VisualStudioVersion = 17.5.002.0
MinimumVisualStudioVersion = 10.0.40219.1
Project("{9A19103F-16F7-4668-BE54-9A1E7A4F7556}") = "TallerForWhileDowhile", "TallerForWhileDowhile\TallerForWhileDowhile.csproj", "{586A94BC-087F-4AE8-A5E2-D2D04E82F563}"
EndProject
Global
	GlobalSection(SolutionConfigurationPlatforms) = preSolution
		Debug|Any CPU = Debug|Any CPU
		Release|Any CPU = Release|Any CPU
	EndGlobalSection
	GlobalSection(ProjectConfigurationPlatforms) = postSolution
		{586A94BC-087F-4AE8-A5E2-D2D04E82F563}.Debug|Any CPU.ActiveCfg = Debug|Any CPU
		{586A94BC-087F-4AE8-A5E2-D2D04E82F563}.Debug|Any CPU.Build.0 = Debug|Any CPU
		{586A94BC-087F-4AE8-A5E2-D2D04E82F563}.Release|Any CPU.ActiveCfg = Release|Any CPU
		{586A94BC-087F-4AE8-A5E2-D2D04E82F563}.Release|Any CPU.Build.0 = Release|Any CPU
	EndGlobalSection
	GlobalSection(SolutionProperties) = preSolution
		HideSolutionNode = FALSE
	EndGlobalSection
	GlobalSection(ExtensibilityGlobals) = postSolution
		SolutionGuid = {92729DF0-69DC-4F19-AC13-974CD19CA048}
	EndGlobalSection
EndGlobal
